
Microsoft Visual Studio Solution File, Format Version 12.00
# Visual Studio Version 17
VisualStudioVersion = 17.11.35327.3
MinimumVisualStudioVersion = 10.0.40219.1
Project("{FAE04EC0-301F-11D3-BF4B-00C04F79EFBC}") = "studyday3-1", "studyday3\studyday3-1.csproj", "{99B2AEA3-C872-4F1C-B907-818C09CEF446}"
EndProject
Project("{FAE04EC0-301F-11D3-BF4B-00C04F79EFBC}") = "studyday3-2", "studyday3-2\studyday3-2.csproj", "{5A2E35CE-CBCE-47FD-B752-A7654943E854}"
EndProject
Project("{FAE04EC0-301F-11D3-BF4B-00C04F79EFBC}") = "studyday3-3", "studyday03-3\studyday3-3.csproj", "{0FC7AC86-C6C3-4F6F-B94C-46508DAEA517}"
EndProject
Global
	GlobalSection(SolutionConfigurationPlatforms) = preSolution
		Debug|Any CPU = Debug|Any CPU
		Release|Any CPU = Release|Any CPU
	EndGlobalSection
	GlobalSection(ProjectConfigurationPlatforms) = postSolution
		{99B2AEA3-C872-4F1C-B907-818C09CEF446}.Debug|Any CPU.ActiveCfg = Debug|Any CPU
		{99B2AEA3-C872-4F1C-B907-818C09CEF446}.Debug|Any CPU.Build.0 = Debug|Any CPU
		{99B2AEA3-C872-4F1C-B907-818C09CEF446}.Release|Any CPU.ActiveCfg = Release|Any CPU
		{99B2AEA3-C872-4F1C-B907-818C09CEF446}.Release|Any CPU.Build.0 = Release|Any CPU
		{5A2E35CE-CBCE-47FD-B752-A7654943E854}.Debug|Any CPU.ActiveCfg = Debug|Any CPU
		{5A2E35CE-CBCE-47FD-B752-A7654943E854}.Debug|Any CPU.Build.0 = Debug|Any CPU
		{5A2E35CE-CBCE-47FD-B752-A7654943E854}.Release|Any CPU.ActiveCfg = Release|Any CPU
		{5A2E35CE-CBCE-47FD-B752-A7654943E854}.Release|Any CPU.Build.0 = Release|Any CPU
		{0FC7AC86-C6C3-4F6F-B94C-46508DAEA517}.Debug|Any CPU.ActiveCfg = Debug|Any CPU
		{0FC7AC86-C6C3-4F6F-B94C-46508DAEA517}.Debug|Any CPU.Build.0 = Debug|Any CPU
		{0FC7AC86-C6C3-4F6F-B94C-46508DAEA517}.Release|Any CPU.ActiveCfg = Release|Any CPU
		{0FC7AC86-C6C3-4F6F-B94C-46508DAEA517}.Release|Any CPU.Build.0 = Release|Any CPU
	EndGlobalSection
	GlobalSection(SolutionProperties) = preSolution
		HideSolutionNode = FALSE
	EndGlobalSection
	GlobalSection(ExtensibilityGlobals) = postSolution
		SolutionGuid = {0C950595-05D3-45B6-922C-2AA8C5CD42F2}
	EndGlobalSection
EndGlobal
