
Microsoft Visual Studio Solution File, Format Version 12.00
# Visual Studio Version 17
VisualStudioVersion = 17.11.35327.3
MinimumVisualStudioVersion = 10.0.40219.1
Project("{9A19103F-16F7-4668-BE54-9A1E7A4F7556}") = "chapter03", "chapter03\chapter03.csproj", "{F54C163B-279C-4D46-B10C-B9B505735BDB}"
EndProject
Project("{9A19103F-16F7-4668-BE54-9A1E7A4F7556}") = "chapter03-2", "chapter03-2\chapter03-2.csproj", "{6162E1DA-4565-4A51-BECD-600A261AA589}"
EndProject
Project("{FAE04EC0-301F-11D3-BF4B-00C04F79EFBC}") = "chapter03-3", "..\..\2day\chapter03-3\chapter03-3.csproj", "{6431A788-8757-43A0-9641-530E233B717C}"
EndProject
Global
	GlobalSection(SolutionConfigurationPlatforms) = preSolution
		Debug|Any CPU = Debug|Any CPU
		Release|Any CPU = Release|Any CPU
	EndGlobalSection
	GlobalSection(ProjectConfigurationPlatforms) = postSolution
		{F54C163B-279C-4D46-B10C-B9B505735BDB}.Debug|Any CPU.ActiveCfg = Debug|Any CPU
		{F54C163B-279C-4D46-B10C-B9B505735BDB}.Debug|Any CPU.Build.0 = Debug|Any CPU
		{F54C163B-279C-4D46-B10C-B9B505735BDB}.Release|Any CPU.ActiveCfg = Release|Any CPU
		{F54C163B-279C-4D46-B10C-B9B505735BDB}.Release|Any CPU.Build.0 = Release|Any CPU
		{6162E1DA-4565-4A51-BECD-600A261AA589}.Debug|Any CPU.ActiveCfg = Debug|Any CPU
		{6162E1DA-4565-4A51-BECD-600A261AA589}.Debug|Any CPU.Build.0 = Debug|Any CPU
		{6162E1DA-4565-4A51-BECD-600A261AA589}.Release|Any CPU.ActiveCfg = Release|Any CPU
		{6162E1DA-4565-4A51-BECD-600A261AA589}.Release|Any CPU.Build.0 = Release|Any CPU
		{6431A788-8757-43A0-9641-530E233B717C}.Debug|Any CPU.ActiveCfg = Debug|Any CPU
		{6431A788-8757-43A0-9641-530E233B717C}.Debug|Any CPU.Build.0 = Debug|Any CPU
		{6431A788-8757-43A0-9641-530E233B717C}.Release|Any CPU.ActiveCfg = Release|Any CPU
		{6431A788-8757-43A0-9641-530E233B717C}.Release|Any CPU.Build.0 = Release|Any CPU
	EndGlobalSection
	GlobalSection(SolutionProperties) = preSolution
		HideSolutionNode = FALSE
	EndGlobalSection
	GlobalSection(ExtensibilityGlobals) = postSolution
		SolutionGuid = {A674DCDE-21B2-4080-AEE5-8EB5546C5642}
	EndGlobalSection
EndGlobal
