
Microsoft Visual Studio Solution File, Format Version 12.00
# Visual Studio Version 17
VisualStudioVersion = 17.11.35327.3
MinimumVisualStudioVersion = 10.0.40219.1
Project("{9A19103F-16F7-4668-BE54-9A1E7A4F7556}") = "studyday2-1", "studyday2\studyday2-1.csproj", "{3A049CCA-9506-457F-A519-7B69C363FC0F}"
EndProject
Project("{FAE04EC0-301F-11D3-BF4B-00C04F79EFBC}") = "studyday2-2", "studyday2-2\studyday2-2.csproj", "{BED61038-A753-4F54-903D-5D0EA8A39DA6}"
EndProject
Project("{FAE04EC0-301F-11D3-BF4B-00C04F79EFBC}") = "studyday2-3", "studyday2-3\studyday2-3.csproj", "{D9E5FA7B-33D6-4D15-858B-EE7F17E27209}"
EndProject
Project("{FAE04EC0-301F-11D3-BF4B-00C04F79EFBC}") = "studyday2-4", "studyday2-4\studyday2-4.csproj", "{BF533D1F-1F4C-4E29-9B1E-291B487FC515}"
EndProject
Global
	GlobalSection(SolutionConfigurationPlatforms) = preSolution
		Debug|Any CPU = Debug|Any CPU
		Release|Any CPU = Release|Any CPU
	EndGlobalSection
	GlobalSection(ProjectConfigurationPlatforms) = postSolution
		{3A049CCA-9506-457F-A519-7B69C363FC0F}.Debug|Any CPU.ActiveCfg = Debug|Any CPU
		{3A049CCA-9506-457F-A519-7B69C363FC0F}.Debug|Any CPU.Build.0 = Debug|Any CPU
		{3A049CCA-9506-457F-A519-7B69C363FC0F}.Release|Any CPU.ActiveCfg = Release|Any CPU
		{3A049CCA-9506-457F-A519-7B69C363FC0F}.Release|Any CPU.Build.0 = Release|Any CPU
		{BED61038-A753-4F54-903D-5D0EA8A39DA6}.Debug|Any CPU.ActiveCfg = Debug|Any CPU
		{BED61038-A753-4F54-903D-5D0EA8A39DA6}.Debug|Any CPU.Build.0 = Debug|Any CPU
		{BED61038-A753-4F54-903D-5D0EA8A39DA6}.Release|Any CPU.ActiveCfg = Release|Any CPU
		{BED61038-A753-4F54-903D-5D0EA8A39DA6}.Release|Any CPU.Build.0 = Release|Any CPU
		{D9E5FA7B-33D6-4D15-858B-EE7F17E27209}.Debug|Any CPU.ActiveCfg = Debug|Any CPU
		{D9E5FA7B-33D6-4D15-858B-EE7F17E27209}.Debug|Any CPU.Build.0 = Debug|Any CPU
		{D9E5FA7B-33D6-4D15-858B-EE7F17E27209}.Release|Any CPU.ActiveCfg = Release|Any CPU
		{D9E5FA7B-33D6-4D15-858B-EE7F17E27209}.Release|Any CPU.Build.0 = Release|Any CPU
		{BF533D1F-1F4C-4E29-9B1E-291B487FC515}.Debug|Any CPU.ActiveCfg = Debug|Any CPU
		{BF533D1F-1F4C-4E29-9B1E-291B487FC515}.Debug|Any CPU.Build.0 = Debug|Any CPU
		{BF533D1F-1F4C-4E29-9B1E-291B487FC515}.Release|Any CPU.ActiveCfg = Release|Any CPU
		{BF533D1F-1F4C-4E29-9B1E-291B487FC515}.Release|Any CPU.Build.0 = Release|Any CPU
	EndGlobalSection
	GlobalSection(SolutionProperties) = preSolution
		HideSolutionNode = FALSE
	EndGlobalSection
	GlobalSection(ExtensibilityGlobals) = postSolution
		SolutionGuid = {C777F071-7ED0-4F9E-BFE2-823FC708AF80}
	EndGlobalSection
EndGlobal
