
Microsoft Visual Studio Solution File, Format Version 12.00
# Visual Studio Version 17
VisualStudioVersion = 17.11.35327.3
MinimumVisualStudioVersion = 10.0.40219.1
Project("{FAE04EC0-301F-11D3-BF4B-00C04F79EFBC}") = "studyday7-1", "studyday7\studyday7-1.csproj", "{1308F525-54AD-4223-A4FC-1B69B339FD6F}"
EndProject
Project("{FAE04EC0-301F-11D3-BF4B-00C04F79EFBC}") = "studyday7-2", "studyday7-2\studyday7-2.csproj", "{C1492D75-7B02-49EB-BAE0-F7C02BAC6322}"
EndProject
Project("{FAE04EC0-301F-11D3-BF4B-00C04F79EFBC}") = "studyday7-3", "studyday7-3\studyday7-3.csproj", "{906554FB-C6E3-4834-BE24-EB26AEB2B7CE}"
EndProject
Global
	GlobalSection(SolutionConfigurationPlatforms) = preSolution
		Debug|Any CPU = Debug|Any CPU
		Release|Any CPU = Release|Any CPU
	EndGlobalSection
	GlobalSection(ProjectConfigurationPlatforms) = postSolution
		{1308F525-54AD-4223-A4FC-1B69B339FD6F}.Debug|Any CPU.ActiveCfg = Debug|Any CPU
		{1308F525-54AD-4223-A4FC-1B69B339FD6F}.Debug|Any CPU.Build.0 = Debug|Any CPU
		{1308F525-54AD-4223-A4FC-1B69B339FD6F}.Release|Any CPU.ActiveCfg = Release|Any CPU
		{1308F525-54AD-4223-A4FC-1B69B339FD6F}.Release|Any CPU.Build.0 = Release|Any CPU
		{C1492D75-7B02-49EB-BAE0-F7C02BAC6322}.Debug|Any CPU.ActiveCfg = Debug|Any CPU
		{C1492D75-7B02-49EB-BAE0-F7C02BAC6322}.Debug|Any CPU.Build.0 = Debug|Any CPU
		{C1492D75-7B02-49EB-BAE0-F7C02BAC6322}.Release|Any CPU.ActiveCfg = Release|Any CPU
		{C1492D75-7B02-49EB-BAE0-F7C02BAC6322}.Release|Any CPU.Build.0 = Release|Any CPU
		{906554FB-C6E3-4834-BE24-EB26AEB2B7CE}.Debug|Any CPU.ActiveCfg = Debug|Any CPU
		{906554FB-C6E3-4834-BE24-EB26AEB2B7CE}.Debug|Any CPU.Build.0 = Debug|Any CPU
		{906554FB-C6E3-4834-BE24-EB26AEB2B7CE}.Release|Any CPU.ActiveCfg = Release|Any CPU
		{906554FB-C6E3-4834-BE24-EB26AEB2B7CE}.Release|Any CPU.Build.0 = Release|Any CPU
	EndGlobalSection
	GlobalSection(SolutionProperties) = preSolution
		HideSolutionNode = FALSE
	EndGlobalSection
	GlobalSection(ExtensibilityGlobals) = postSolution
		SolutionGuid = {6534D193-0205-44AB-BED6-5E1BEF0F48B7}
	EndGlobalSection
EndGlobal
