
Microsoft Visual Studio Solution File, Format Version 12.00
# Visual Studio Version 17
VisualStudioVersion = 17.11.35327.3
MinimumVisualStudioVersion = 10.0.40219.1
Project("{FAE04EC0-301F-11D3-BF4B-00C04F79EFBC}") = "studyday5-1", "studyday5\studyday5-1.csproj", "{07CA6643-E5F2-432A-B7DD-0BD438C2C718}"
EndProject
Project("{FAE04EC0-301F-11D3-BF4B-00C04F79EFBC}") = "studyday5-2", "studyday5-2\studyday5-2.csproj", "{69399789-498F-4777-80C1-7AF325461B21}"
EndProject
Project("{FAE04EC0-301F-11D3-BF4B-00C04F79EFBC}") = "studyday5-3", "studyday5-3\studyday5-3.csproj", "{FDEF81CE-7226-43AF-9F99-4C9AD3BB68BB}"
EndProject
Global
	GlobalSection(SolutionConfigurationPlatforms) = preSolution
		Debug|Any CPU = Debug|Any CPU
		Release|Any CPU = Release|Any CPU
	EndGlobalSection
	GlobalSection(ProjectConfigurationPlatforms) = postSolution
		{07CA6643-E5F2-432A-B7DD-0BD438C2C718}.Debug|Any CPU.ActiveCfg = Debug|Any CPU
		{07CA6643-E5F2-432A-B7DD-0BD438C2C718}.Debug|Any CPU.Build.0 = Debug|Any CPU
		{07CA6643-E5F2-432A-B7DD-0BD438C2C718}.Release|Any CPU.ActiveCfg = Release|Any CPU
		{07CA6643-E5F2-432A-B7DD-0BD438C2C718}.Release|Any CPU.Build.0 = Release|Any CPU
		{69399789-498F-4777-80C1-7AF325461B21}.Debug|Any CPU.ActiveCfg = Debug|Any CPU
		{69399789-498F-4777-80C1-7AF325461B21}.Debug|Any CPU.Build.0 = Debug|Any CPU
		{69399789-498F-4777-80C1-7AF325461B21}.Release|Any CPU.ActiveCfg = Release|Any CPU
		{69399789-498F-4777-80C1-7AF325461B21}.Release|Any CPU.Build.0 = Release|Any CPU
		{FDEF81CE-7226-43AF-9F99-4C9AD3BB68BB}.Debug|Any CPU.ActiveCfg = Debug|Any CPU
		{FDEF81CE-7226-43AF-9F99-4C9AD3BB68BB}.Debug|Any CPU.Build.0 = Debug|Any CPU
		{FDEF81CE-7226-43AF-9F99-4C9AD3BB68BB}.Release|Any CPU.ActiveCfg = Release|Any CPU
		{FDEF81CE-7226-43AF-9F99-4C9AD3BB68BB}.Release|Any CPU.Build.0 = Release|Any CPU
	EndGlobalSection
	GlobalSection(SolutionProperties) = preSolution
		HideSolutionNode = FALSE
	EndGlobalSection
	GlobalSection(ExtensibilityGlobals) = postSolution
		SolutionGuid = {114E3A60-67E2-437E-BDA1-1565D787480F}
	EndGlobalSection
EndGlobal
