
Microsoft Visual Studio Solution File, Format Version 12.00
# Visual Studio Version 17
VisualStudioVersion = 17.11.35327.3
MinimumVisualStudioVersion = 10.0.40219.1
Project("{FAE04EC0-301F-11D3-BF4B-00C04F79EFBC}") = "studyday6-1", "studyday6\studyday6-1.csproj", "{A9CF2E09-18D9-4225-88B8-7C99C397B4C7}"
EndProject
Project("{FAE04EC0-301F-11D3-BF4B-00C04F79EFBC}") = "studyday6-2", "studyday6-2\studyday6-2.csproj", "{9B61CA9C-3E54-4355-91E9-83078001E2EE}"
EndProject
Global
	GlobalSection(SolutionConfigurationPlatforms) = preSolution
		Debug|Any CPU = Debug|Any CPU
		Release|Any CPU = Release|Any CPU
	EndGlobalSection
	GlobalSection(ProjectConfigurationPlatforms) = postSolution
		{A9CF2E09-18D9-4225-88B8-7C99C397B4C7}.Debug|Any CPU.ActiveCfg = Debug|Any CPU
		{A9CF2E09-18D9-4225-88B8-7C99C397B4C7}.Debug|Any CPU.Build.0 = Debug|Any CPU
		{A9CF2E09-18D9-4225-88B8-7C99C397B4C7}.Release|Any CPU.ActiveCfg = Release|Any CPU
		{A9CF2E09-18D9-4225-88B8-7C99C397B4C7}.Release|Any CPU.Build.0 = Release|Any CPU
		{9B61CA9C-3E54-4355-91E9-83078001E2EE}.Debug|Any CPU.ActiveCfg = Debug|Any CPU
		{9B61CA9C-3E54-4355-91E9-83078001E2EE}.Debug|Any CPU.Build.0 = Debug|Any CPU
		{9B61CA9C-3E54-4355-91E9-83078001E2EE}.Release|Any CPU.ActiveCfg = Release|Any CPU
		{9B61CA9C-3E54-4355-91E9-83078001E2EE}.Release|Any CPU.Build.0 = Release|Any CPU
	EndGlobalSection
	GlobalSection(SolutionProperties) = preSolution
		HideSolutionNode = FALSE
	EndGlobalSection
	GlobalSection(ExtensibilityGlobals) = postSolution
		SolutionGuid = {E4F02E70-78AA-4E28-A8D1-C8EDAA3A3885}
	EndGlobalSection
EndGlobal
