
Microsoft Visual Studio Solution File, Format Version 12.00
# Visual Studio Version 17
VisualStudioVersion = 17.11.35327.3
MinimumVisualStudioVersion = 10.0.40219.1
Project("{FAE04EC0-301F-11D3-BF4B-00C04F79EFBC}") = "studyday1", "studyday1\studyday1.csproj", "{94F3E11D-E511-4313-80B3-9F1461EA4B53}"
EndProject
Global
	GlobalSection(SolutionConfigurationPlatforms) = preSolution
		Debug|Any CPU = Debug|Any CPU
		Release|Any CPU = Release|Any CPU
	EndGlobalSection
	GlobalSection(ProjectConfigurationPlatforms) = postSolution
		{94F3E11D-E511-4313-80B3-9F1461EA4B53}.Debug|Any CPU.ActiveCfg = Debug|Any CPU
		{94F3E11D-E511-4313-80B3-9F1461EA4B53}.Debug|Any CPU.Build.0 = Debug|Any CPU
		{94F3E11D-E511-4313-80B3-9F1461EA4B53}.Release|Any CPU.ActiveCfg = Release|Any CPU
		{94F3E11D-E511-4313-80B3-9F1461EA4B53}.Release|Any CPU.Build.0 = Release|Any CPU
	EndGlobalSection
	GlobalSection(SolutionProperties) = preSolution
		HideSolutionNode = FALSE
	EndGlobalSection
	GlobalSection(ExtensibilityGlobals) = postSolution
		SolutionGuid = {1A3DC84B-076A-4D76-9BF1-5D07E0A5DC92}
	EndGlobalSection
EndGlobal
