
Microsoft Visual Studio Solution File, Format Version 12.00
# Visual Studio Version 17
VisualStudioVersion = 17.11.35327.3
MinimumVisualStudioVersion = 10.0.40219.1
Project("{FAE04EC0-301F-11D3-BF4B-00C04F79EFBC}") = "ConsoleApp1", "ConsoleApp1\ConsoleApp1.csproj", "{E90D9055-CC9E-474F-8550-16CA9E9318FE}"
EndProject
Global
	GlobalSection(SolutionConfigurationPlatforms) = preSolution
		Debug|Any CPU = Debug|Any CPU
		Release|Any CPU = Release|Any CPU
	EndGlobalSection
	GlobalSection(ProjectConfigurationPlatforms) = postSolution
		{E90D9055-CC9E-474F-8550-16CA9E9318FE}.Debug|Any CPU.ActiveCfg = Debug|Any CPU
		{E90D9055-CC9E-474F-8550-16CA9E9318FE}.Debug|Any CPU.Build.0 = Debug|Any CPU
		{E90D9055-CC9E-474F-8550-16CA9E9318FE}.Release|Any CPU.ActiveCfg = Release|Any CPU
		{E90D9055-CC9E-474F-8550-16CA9E9318FE}.Release|Any CPU.Build.0 = Release|Any CPU
	EndGlobalSection
	GlobalSection(SolutionProperties) = preSolution
		HideSolutionNode = FALSE
	EndGlobalSection
	GlobalSection(ExtensibilityGlobals) = postSolution
		SolutionGuid = {54B134C8-E6D9-406A-9014-8BD7877F7CF3}
	EndGlobalSection
EndGlobal
